
Microsoft Visual Studio Solution File, Format Version 12.00
# Visual Studio Version 16
VisualStudioVersion = 16.0.29709.97
MinimumVisualStudioVersion = 10.0.40219.1
Project("{8BC9CEB8-8B4A-11D0-8D11-00A0C91BC942}") = "Sample_Raycasting", "Sample_Raycasting.vcxproj", "{D6AC190A-BEEF-4638-9FEA-66E4C8E6A591}"
EndProject
Project("{8BC9CEB8-8B4A-11D0-8D11-00A0C91BC942}") = "Sample_GenerateGraph", "Sample_GenerateGraph.vcxproj", "{0C65E923-F36B-4773-93A8-8DF9E6C5E3F0}"
EndProject
Project("{8BC9CEB8-8B4A-11D0-8D11-00A0C91BC942}") = "Sample_GetCSRGraph", "Sample_GetCSRGraph.vcxproj", "{96F64F22-0438-4FDA-B991-079C4996DD07}"
EndProject
Project("{8BC9CEB8-8B4A-11D0-8D11-00A0C91BC942}") = "Sample_BasicSearchOnGraph", "Sample_BasicSearchOnGraph.vcxproj", "{571431F8-7D97-4F52-A30B-0A62802851B5}"
EndProject
Project("{8BC9CEB8-8B4A-11D0-8D11-00A0C91BC942}") = "Sample_CalculatingSpatialView", "Sample_CalculatingSpatialView.vcxproj", "{A0DA9364-E1CF-4026-90EB-627966B69880}"
EndProject
Project("{8BC9CEB8-8B4A-11D0-8D11-00A0C91BC942}") = "Sample_CreateVisibilityGraph", "Sample_CreateVisibilityGraph.vcxproj", "{13199859-5CE7-4D17-9DFE-C8894E8059A8}"
EndProject
Project("{8BC9CEB8-8B4A-11D0-8D11-00A0C91BC942}") = "Sample_VisualizeGraph", "Sample_VisualizeGraph.vcxproj", "{86263892-89B6-4B83-A3B0-DD1CD10A1F1E}"
EndProject
Global
	GlobalSection(SolutionConfigurationPlatforms) = preSolution
		Debug|x64 = Debug|x64
		Debug|x86 = Debug|x86
		Release|x64 = Release|x64
		Release|x86 = Release|x86
	EndGlobalSection
	GlobalSection(ProjectConfigurationPlatforms) = postSolution
		{D6AC190A-BEEF-4638-9FEA-66E4C8E6A591}.Debug|x64.ActiveCfg = Debug|x64
		{D6AC190A-BEEF-4638-9FEA-66E4C8E6A591}.Debug|x64.Build.0 = Debug|x64
		{D6AC190A-BEEF-4638-9FEA-66E4C8E6A591}.Debug|x86.ActiveCfg = Debug|Win32
		{D6AC190A-BEEF-4638-9FEA-66E4C8E6A591}.Debug|x86.Build.0 = Debug|Win32
		{D6AC190A-BEEF-4638-9FEA-66E4C8E6A591}.Release|x64.ActiveCfg = Release|x64
		{D6AC190A-BEEF-4638-9FEA-66E4C8E6A591}.Release|x64.Build.0 = Release|x64
		{D6AC190A-BEEF-4638-9FEA-66E4C8E6A591}.Release|x86.ActiveCfg = Release|Win32
		{D6AC190A-BEEF-4638-9FEA-66E4C8E6A591}.Release|x86.Build.0 = Release|Win32
		{0C65E923-F36B-4773-93A8-8DF9E6C5E3F0}.Debug|x64.ActiveCfg = Debug|x64
		{0C65E923-F36B-4773-93A8-8DF9E6C5E3F0}.Debug|x64.Build.0 = Debug|x64
		{0C65E923-F36B-4773-93A8-8DF9E6C5E3F0}.Debug|x86.ActiveCfg = Debug|Win32
		{0C65E923-F36B-4773-93A8-8DF9E6C5E3F0}.Debug|x86.Build.0 = Debug|Win32
		{0C65E923-F36B-4773-93A8-8DF9E6C5E3F0}.Release|x64.ActiveCfg = Release|x64
		{0C65E923-F36B-4773-93A8-8DF9E6C5E3F0}.Release|x64.Build.0 = Release|x64
		{0C65E923-F36B-4773-93A8-8DF9E6C5E3F0}.Release|x86.ActiveCfg = Release|Win32
		{0C65E923-F36B-4773-93A8-8DF9E6C5E3F0}.Release|x86.Build.0 = Release|Win32
		{96F64F22-0438-4FDA-B991-079C4996DD07}.Debug|x64.ActiveCfg = Debug|x64
		{96F64F22-0438-4FDA-B991-079C4996DD07}.Debug|x64.Build.0 = Debug|x64
		{96F64F22-0438-4FDA-B991-079C4996DD07}.Debug|x86.ActiveCfg = Debug|Win32
		{96F64F22-0438-4FDA-B991-079C4996DD07}.Debug|x86.Build.0 = Debug|Win32
		{96F64F22-0438-4FDA-B991-079C4996DD07}.Release|x64.ActiveCfg = Release|x64
		{96F64F22-0438-4FDA-B991-079C4996DD07}.Release|x64.Build.0 = Release|x64
		{96F64F22-0438-4FDA-B991-079C4996DD07}.Release|x86.ActiveCfg = Release|Win32
		{96F64F22-0438-4FDA-B991-079C4996DD07}.Release|x86.Build.0 = Release|Win32
		{571431F8-7D97-4F52-A30B-0A62802851B5}.Debug|x64.ActiveCfg = Debug|x64
		{571431F8-7D97-4F52-A30B-0A62802851B5}.Debug|x64.Build.0 = Debug|x64
		{571431F8-7D97-4F52-A30B-0A62802851B5}.Debug|x86.ActiveCfg = Debug|Win32
		{571431F8-7D97-4F52-A30B-0A62802851B5}.Debug|x86.Build.0 = Debug|Win32
		{571431F8-7D97-4F52-A30B-0A62802851B5}.Release|x64.ActiveCfg = Release|x64
		{571431F8-7D97-4F52-A30B-0A62802851B5}.Release|x64.Build.0 = Release|x64
		{571431F8-7D97-4F52-A30B-0A62802851B5}.Release|x86.ActiveCfg = Release|Win32
		{571431F8-7D97-4F52-A30B-0A62802851B5}.Release|x86.Build.0 = Release|Win32
		{A0DA9364-E1CF-4026-90EB-627966B69880}.Debug|x64.ActiveCfg = Debug|x64
		{A0DA9364-E1CF-4026-90EB-627966B69880}.Debug|x64.Build.0 = Debug|x64
		{A0DA9364-E1CF-4026-90EB-627966B69880}.Debug|x86.ActiveCfg = Debug|Win32
		{A0DA9364-E1CF-4026-90EB-627966B69880}.Debug|x86.Build.0 = Debug|Win32
		{A0DA9364-E1CF-4026-90EB-627966B69880}.Release|x64.ActiveCfg = Release|x64
		{A0DA9364-E1CF-4026-90EB-627966B69880}.Release|x64.Build.0 = Release|x64
		{A0DA9364-E1CF-4026-90EB-627966B69880}.Release|x86.ActiveCfg = Release|Win32
		{A0DA9364-E1CF-4026-90EB-627966B69880}.Release|x86.Build.0 = Release|Win32
		{13199859-5CE7-4D17-9DFE-C8894E8059A8}.Debug|x64.ActiveCfg = Debug|x64
		{13199859-5CE7-4D17-9DFE-C8894E8059A8}.Debug|x64.Build.0 = Debug|x64
		{13199859-5CE7-4D17-9DFE-C8894E8059A8}.Debug|x86.ActiveCfg = Debug|Win32
		{13199859-5CE7-4D17-9DFE-C8894E8059A8}.Debug|x86.Build.0 = Debug|Win32
		{13199859-5CE7-4D17-9DFE-C8894E8059A8}.Release|x64.ActiveCfg = Release|x64
		{13199859-5CE7-4D17-9DFE-C8894E8059A8}.Release|x64.Build.0 = Release|x64
		{13199859-5CE7-4D17-9DFE-C8894E8059A8}.Release|x86.ActiveCfg = Release|Win32
		{13199859-5CE7-4D17-9DFE-C8894E8059A8}.Release|x86.Build.0 = Release|Win32
		{86263892-89B6-4B83-A3B0-DD1CD10A1F1E}.Debug|x64.ActiveCfg = Debug|x64
		{86263892-89B6-4B83-A3B0-DD1CD10A1F1E}.Debug|x64.Build.0 = Debug|x64
		{86263892-89B6-4B83-A3B0-DD1CD10A1F1E}.Debug|x86.ActiveCfg = Debug|Win32
		{86263892-89B6-4B83-A3B0-DD1CD10A1F1E}.Debug|x86.Build.0 = Debug|Win32
		{86263892-89B6-4B83-A3B0-DD1CD10A1F1E}.Release|x64.ActiveCfg = Release|x64
		{86263892-89B6-4B83-A3B0-DD1CD10A1F1E}.Release|x64.Build.0 = Release|x64
		{86263892-89B6-4B83-A3B0-DD1CD10A1F1E}.Release|x86.ActiveCfg = Release|Win32
		{86263892-89B6-4B83-A3B0-DD1CD10A1F1E}.Release|x86.Build.0 = Release|Win32
	EndGlobalSection
	GlobalSection(SolutionProperties) = preSolution
		HideSolutionNode = FALSE
	EndGlobalSection
	GlobalSection(ExtensibilityGlobals) = postSolution
		SolutionGuid = {DBCC58F2-615B-44DE-B3B5-4913BCF21BD2}
	EndGlobalSection
EndGlobal
