
Microsoft Visual Studio Solution File, Format Version 12.00
# Visual Studio Version 16
VisualStudioVersion = 16.0.29709.97
MinimumVisualStudioVersion = 10.0.40219.1
Project("{8BC9CEB8-8B4A-11D0-8D11-00A0C91BC942}") = "Sample_BasicSearchOnGraph", "Sample_BasicSearchOnGraph.vcxproj", "{A341319E-66C1-41AD-96EF-8DB7A0A5E437}"
EndProject
Global
	GlobalSection(SolutionConfigurationPlatforms) = preSolution
		Debug|x64 = Debug|x64
		Debug|x86 = Debug|x86
		Release|x64 = Release|x64
		Release|x86 = Release|x86
	EndGlobalSection
	GlobalSection(ProjectConfigurationPlatforms) = postSolution
		{A341319E-66C1-41AD-96EF-8DB7A0A5E437}.Debug|x64.ActiveCfg = Debug|x64
		{A341319E-66C1-41AD-96EF-8DB7A0A5E437}.Debug|x64.Build.0 = Debug|x64
		{A341319E-66C1-41AD-96EF-8DB7A0A5E437}.Debug|x86.ActiveCfg = Debug|Win32
		{A341319E-66C1-41AD-96EF-8DB7A0A5E437}.Debug|x86.Build.0 = Debug|Win32
		{A341319E-66C1-41AD-96EF-8DB7A0A5E437}.Release|x64.ActiveCfg = Release|x64
		{A341319E-66C1-41AD-96EF-8DB7A0A5E437}.Release|x64.Build.0 = Release|x64
		{A341319E-66C1-41AD-96EF-8DB7A0A5E437}.Release|x86.ActiveCfg = Release|Win32
		{A341319E-66C1-41AD-96EF-8DB7A0A5E437}.Release|x86.Build.0 = Release|Win32
	EndGlobalSection
	GlobalSection(SolutionProperties) = preSolution
		HideSolutionNode = FALSE
	EndGlobalSection
	GlobalSection(ExtensibilityGlobals) = postSolution
		SolutionGuid = {639611DD-7846-4248-BA5D-8C40668E41E5}
	EndGlobalSection
EndGlobal
